
Microsoft Visual Studio Solution File, Format Version 12.00
# Visual Studio Version 16
VisualStudioVersion = 16.0.33423.256
MinimumVisualStudioVersion = 10.0.40219.1
Project("{FAE04EC0-301F-11D3-BF4B-00C04F79EFBC}") = "RemoveBG", "RemoveBG\RemoveBG.csproj", "{AB26B1A4-19D3-49A9-8770-A2FF116655F8}"
EndProject
Global
	GlobalSection(SolutionConfigurationPlatforms) = preSolution
		Debug|Any CPU = Debug|Any CPU
		Release|Any CPU = Release|Any CPU
	EndGlobalSection
	GlobalSection(ProjectConfigurationPlatforms) = postSolution
		{AB26B1A4-19D3-49A9-8770-A2FF116655F8}.Debug|Any CPU.ActiveCfg = Debug|Any CPU
		{AB26B1A4-19D3-49A9-8770-A2FF116655F8}.Debug|Any CPU.Build.0 = Debug|Any CPU
		{AB26B1A4-19D3-49A9-8770-A2FF116655F8}.Release|Any CPU.ActiveCfg = Release|Any CPU
		{AB26B1A4-19D3-49A9-8770-A2FF116655F8}.Release|Any CPU.Build.0 = Release|Any CPU
	EndGlobalSection
	GlobalSection(SolutionProperties) = preSolution
		HideSolutionNode = FALSE
	EndGlobalSection
	GlobalSection(ExtensibilityGlobals) = postSolution
		SolutionGuid = {0EEFE315-BBF1-42AA-96A9-89B2807D9F63}
	EndGlobalSection
EndGlobal
